
Microsoft Visual Studio Solution File, Format Version 12.00
# Visual Studio Version 16
VisualStudioVersion = 16.0.30320.27
MinimumVisualStudioVersion = 15.0.26124.0
Project("{2150E333-8FDC-42A3-9474-1A3956D46DE8}") = "src", "src", "{4E7AC41E-81AB-40B7-BB20-904D68640EBA}"
EndProject
Project("{2150E333-8FDC-42A3-9474-1A3956D46DE8}") = "Application", "Application", "{41BCEC7D-9CB3-4BFA-80AA-06EA70FF5D42}"
EndProject
Project("{9A19103F-16F7-4668-BE54-9A1E7A4F7556}") = "UserServiceAccount.Application", "src\Application\UserServiceAccount.Application\UserServiceAccount.Application.csproj", "{423B68F1-C5C0-4434-8A55-8D55F76E9E72}"
EndProject
Project("{2150E333-8FDC-42A3-9474-1A3956D46DE8}") = "Business", "Business", "{A5ED461D-299F-40FC-BE64-DC27725AACC2}"
EndProject
Project("{9A19103F-16F7-4668-BE54-9A1E7A4F7556}") = "UserServiceAccount.Business", "src\Business\UserServiceAccount.Business\UserServiceAccount.Business.csproj", "{1337607B-FEF0-4F2F-87AC-64FAB55943A3}"
EndProject
Project("{2150E333-8FDC-42A3-9474-1A3956D46DE8}") = "Domain", "Domain", "{B97D5426-F5E4-4752-8D4E-797A04EEB90F}"
EndProject
Project("{9A19103F-16F7-4668-BE54-9A1E7A4F7556}") = "UserServiceAccount.Domain", "src\Domain\UserServiceAccount.Domain\UserServiceAccount.Domain.csproj", "{5B00CCBC-E91E-4EC6-85BF-F74C27A8CC51}"
EndProject
Project("{2150E333-8FDC-42A3-9474-1A3956D46DE8}") = "Infra", "Infra", "{B0506F1F-BEC1-410F-A555-0295742B7091}"
EndProject
Project("{2150E333-8FDC-42A3-9474-1A3956D46DE8}") = "Data", "Data", "{20F0BFD9-C354-43B1-AF26-06C4B485BB1C}"
EndProject
Project("{9A19103F-16F7-4668-BE54-9A1E7A4F7556}") = "UserServiceAccount.Data", "src\Infra\Data\UserServiceAccount.Data\UserServiceAccount.Data.csproj", "{6B5C9428-7E70-4712-A4BE-CDA771BB7663}"
EndProject
Project("{2150E333-8FDC-42A3-9474-1A3956D46DE8}") = "test", "test", "{EA984FFE-8470-4046-90FF-D4184A39495A}"
EndProject
Project("{FAE04EC0-301F-11D3-BF4B-00C04F79EFBC}") = "UserServiceAccount.Tests", "test\UserServiceAccount.Tests\UserServiceAccount.Tests.csproj", "{DBDC29D9-33F9-4EB7-AB8E-F6A4789A2901}"
EndProject
Project("{FAE04EC0-301F-11D3-BF4B-00C04F79EFBC}") = "UserServiceAccount.Identity", "src\Application\UserServiceAccount.Identity\UserServiceAccount.Identity.csproj", "{7A65FAE8-C0D7-44ED-8A6C-7CDD0D8D509D}"
EndProject
Global
	GlobalSection(SolutionConfigurationPlatforms) = preSolution
		Debug|Any CPU = Debug|Any CPU
		Debug|x64 = Debug|x64
		Debug|x86 = Debug|x86
		Release|Any CPU = Release|Any CPU
		Release|x64 = Release|x64
		Release|x86 = Release|x86
	EndGlobalSection
	GlobalSection(ProjectConfigurationPlatforms) = postSolution
		{423B68F1-C5C0-4434-8A55-8D55F76E9E72}.Debug|Any CPU.ActiveCfg = Debug|Any CPU
		{423B68F1-C5C0-4434-8A55-8D55F76E9E72}.Debug|Any CPU.Build.0 = Debug|Any CPU
		{423B68F1-C5C0-4434-8A55-8D55F76E9E72}.Debug|x64.ActiveCfg = Debug|Any CPU
		{423B68F1-C5C0-4434-8A55-8D55F76E9E72}.Debug|x64.Build.0 = Debug|Any CPU
		{423B68F1-C5C0-4434-8A55-8D55F76E9E72}.Debug|x86.ActiveCfg = Debug|Any CPU
		{423B68F1-C5C0-4434-8A55-8D55F76E9E72}.Debug|x86.Build.0 = Debug|Any CPU
		{423B68F1-C5C0-4434-8A55-8D55F76E9E72}.Release|Any CPU.ActiveCfg = Release|Any CPU
		{423B68F1-C5C0-4434-8A55-8D55F76E9E72}.Release|Any CPU.Build.0 = Release|Any CPU
		{423B68F1-C5C0-4434-8A55-8D55F76E9E72}.Release|x64.ActiveCfg = Release|Any CPU
		{423B68F1-C5C0-4434-8A55-8D55F76E9E72}.Release|x64.Build.0 = Release|Any CPU
		{423B68F1-C5C0-4434-8A55-8D55F76E9E72}.Release|x86.ActiveCfg = Release|Any CPU
		{423B68F1-C5C0-4434-8A55-8D55F76E9E72}.Release|x86.Build.0 = Release|Any CPU
		{1337607B-FEF0-4F2F-87AC-64FAB55943A3}.Debug|Any CPU.ActiveCfg = Debug|Any CPU
		{1337607B-FEF0-4F2F-87AC-64FAB55943A3}.Debug|Any CPU.Build.0 = Debug|Any CPU
		{1337607B-FEF0-4F2F-87AC-64FAB55943A3}.Debug|x64.ActiveCfg = Debug|Any CPU
		{1337607B-FEF0-4F2F-87AC-64FAB55943A3}.Debug|x64.Build.0 = Debug|Any CPU
		{1337607B-FEF0-4F2F-87AC-64FAB55943A3}.Debug|x86.ActiveCfg = Debug|Any CPU
		{1337607B-FEF0-4F2F-87AC-64FAB55943A3}.Debug|x86.Build.0 = Debug|Any CPU
		{1337607B-FEF0-4F2F-87AC-64FAB55943A3}.Release|Any CPU.ActiveCfg = Release|Any CPU
		{1337607B-FEF0-4F2F-87AC-64FAB55943A3}.Release|Any CPU.Build.0 = Release|Any CPU
		{1337607B-FEF0-4F2F-87AC-64FAB55943A3}.Release|x64.ActiveCfg = Release|Any CPU
		{1337607B-FEF0-4F2F-87AC-64FAB55943A3}.Release|x64.Build.0 = Release|Any CPU
		{1337607B-FEF0-4F2F-87AC-64FAB55943A3}.Release|x86.ActiveCfg = Release|Any CPU
		{1337607B-FEF0-4F2F-87AC-64FAB55943A3}.Release|x86.Build.0 = Release|Any CPU
		{5B00CCBC-E91E-4EC6-85BF-F74C27A8CC51}.Debug|Any CPU.ActiveCfg = Debug|Any CPU
		{5B00CCBC-E91E-4EC6-85BF-F74C27A8CC51}.Debug|Any CPU.Build.0 = Debug|Any CPU
		{5B00CCBC-E91E-4EC6-85BF-F74C27A8CC51}.Debug|x64.ActiveCfg = Debug|Any CPU
		{5B00CCBC-E91E-4EC6-85BF-F74C27A8CC51}.Debug|x64.Build.0 = Debug|Any CPU
		{5B00CCBC-E91E-4EC6-85BF-F74C27A8CC51}.Debug|x86.ActiveCfg = Debug|Any CPU
		{5B00CCBC-E91E-4EC6-85BF-F74C27A8CC51}.Debug|x86.Build.0 = Debug|Any CPU
		{5B00CCBC-E91E-4EC6-85BF-F74C27A8CC51}.Release|Any CPU.ActiveCfg = Release|Any CPU
		{5B00CCBC-E91E-4EC6-85BF-F74C27A8CC51}.Release|Any CPU.Build.0 = Release|Any CPU
		{5B00CCBC-E91E-4EC6-85BF-F74C27A8CC51}.Release|x64.ActiveCfg = Release|Any CPU
		{5B00CCBC-E91E-4EC6-85BF-F74C27A8CC51}.Release|x64.Build.0 = Release|Any CPU
		{5B00CCBC-E91E-4EC6-85BF-F74C27A8CC51}.Release|x86.ActiveCfg = Release|Any CPU
		{5B00CCBC-E91E-4EC6-85BF-F74C27A8CC51}.Release|x86.Build.0 = Release|Any CPU
		{6B5C9428-7E70-4712-A4BE-CDA771BB7663}.Debug|Any CPU.ActiveCfg = Debug|Any CPU
		{6B5C9428-7E70-4712-A4BE-CDA771BB7663}.Debug|Any CPU.Build.0 = Debug|Any CPU
		{6B5C9428-7E70-4712-A4BE-CDA771BB7663}.Debug|x64.ActiveCfg = Debug|Any CPU
		{6B5C9428-7E70-4712-A4BE-CDA771BB7663}.Debug|x64.Build.0 = Debug|Any CPU
		{6B5C9428-7E70-4712-A4BE-CDA771BB7663}.Debug|x86.ActiveCfg = Debug|Any CPU
		{6B5C9428-7E70-4712-A4BE-CDA771BB7663}.Debug|x86.Build.0 = Debug|Any CPU
		{6B5C9428-7E70-4712-A4BE-CDA771BB7663}.Release|Any CPU.ActiveCfg = Release|Any CPU
		{6B5C9428-7E70-4712-A4BE-CDA771BB7663}.Release|Any CPU.Build.0 = Release|Any CPU
		{6B5C9428-7E70-4712-A4BE-CDA771BB7663}.Release|x64.ActiveCfg = Release|Any CPU
		{6B5C9428-7E70-4712-A4BE-CDA771BB7663}.Release|x64.Build.0 = Release|Any CPU
		{6B5C9428-7E70-4712-A4BE-CDA771BB7663}.Release|x86.ActiveCfg = Release|Any CPU
		{6B5C9428-7E70-4712-A4BE-CDA771BB7663}.Release|x86.Build.0 = Release|Any CPU
		{DBDC29D9-33F9-4EB7-AB8E-F6A4789A2901}.Debug|Any CPU.ActiveCfg = Debug|Any CPU
		{DBDC29D9-33F9-4EB7-AB8E-F6A4789A2901}.Debug|Any CPU.Build.0 = Debug|Any CPU
		{DBDC29D9-33F9-4EB7-AB8E-F6A4789A2901}.Debug|x64.ActiveCfg = Debug|Any CPU
		{DBDC29D9-33F9-4EB7-AB8E-F6A4789A2901}.Debug|x64.Build.0 = Debug|Any CPU
		{DBDC29D9-33F9-4EB7-AB8E-F6A4789A2901}.Debug|x86.ActiveCfg = Debug|Any CPU
		{DBDC29D9-33F9-4EB7-AB8E-F6A4789A2901}.Debug|x86.Build.0 = Debug|Any CPU
		{DBDC29D9-33F9-4EB7-AB8E-F6A4789A2901}.Release|Any CPU.ActiveCfg = Release|Any CPU
		{DBDC29D9-33F9-4EB7-AB8E-F6A4789A2901}.Release|Any CPU.Build.0 = Release|Any CPU
		{DBDC29D9-33F9-4EB7-AB8E-F6A4789A2901}.Release|x64.ActiveCfg = Release|Any CPU
		{DBDC29D9-33F9-4EB7-AB8E-F6A4789A2901}.Release|x64.Build.0 = Release|Any CPU
		{DBDC29D9-33F9-4EB7-AB8E-F6A4789A2901}.Release|x86.ActiveCfg = Release|Any CPU
		{DBDC29D9-33F9-4EB7-AB8E-F6A4789A2901}.Release|x86.Build.0 = Release|Any CPU
		{7A65FAE8-C0D7-44ED-8A6C-7CDD0D8D509D}.Debug|Any CPU.ActiveCfg = Debug|Any CPU
		{7A65FAE8-C0D7-44ED-8A6C-7CDD0D8D509D}.Debug|Any CPU.Build.0 = Debug|Any CPU
		{7A65FAE8-C0D7-44ED-8A6C-7CDD0D8D509D}.Debug|x64.ActiveCfg = Debug|Any CPU
		{7A65FAE8-C0D7-44ED-8A6C-7CDD0D8D509D}.Debug|x64.Build.0 = Debug|Any CPU
		{7A65FAE8-C0D7-44ED-8A6C-7CDD0D8D509D}.Debug|x86.ActiveCfg = Debug|Any CPU
		{7A65FAE8-C0D7-44ED-8A6C-7CDD0D8D509D}.Debug|x86.Build.0 = Debug|Any CPU
		{7A65FAE8-C0D7-44ED-8A6C-7CDD0D8D509D}.Release|Any CPU.ActiveCfg = Release|Any CPU
		{7A65FAE8-C0D7-44ED-8A6C-7CDD0D8D509D}.Release|Any CPU.Build.0 = Release|Any CPU
		{7A65FAE8-C0D7-44ED-8A6C-7CDD0D8D509D}.Release|x64.ActiveCfg = Release|Any CPU
		{7A65FAE8-C0D7-44ED-8A6C-7CDD0D8D509D}.Release|x64.Build.0 = Release|Any CPU
		{7A65FAE8-C0D7-44ED-8A6C-7CDD0D8D509D}.Release|x86.ActiveCfg = Release|Any CPU
		{7A65FAE8-C0D7-44ED-8A6C-7CDD0D8D509D}.Release|x86.Build.0 = Release|Any CPU
	EndGlobalSection
	GlobalSection(SolutionProperties) = preSolution
		HideSolutionNode = FALSE
	EndGlobalSection
	GlobalSection(NestedProjects) = preSolution
		{41BCEC7D-9CB3-4BFA-80AA-06EA70FF5D42} = {4E7AC41E-81AB-40B7-BB20-904D68640EBA}
		{423B68F1-C5C0-4434-8A55-8D55F76E9E72} = {41BCEC7D-9CB3-4BFA-80AA-06EA70FF5D42}
		{A5ED461D-299F-40FC-BE64-DC27725AACC2} = {4E7AC41E-81AB-40B7-BB20-904D68640EBA}
		{1337607B-FEF0-4F2F-87AC-64FAB55943A3} = {A5ED461D-299F-40FC-BE64-DC27725AACC2}
		{B97D5426-F5E4-4752-8D4E-797A04EEB90F} = {4E7AC41E-81AB-40B7-BB20-904D68640EBA}
		{5B00CCBC-E91E-4EC6-85BF-F74C27A8CC51} = {B97D5426-F5E4-4752-8D4E-797A04EEB90F}
		{B0506F1F-BEC1-410F-A555-0295742B7091} = {4E7AC41E-81AB-40B7-BB20-904D68640EBA}
		{20F0BFD9-C354-43B1-AF26-06C4B485BB1C} = {B0506F1F-BEC1-410F-A555-0295742B7091}
		{6B5C9428-7E70-4712-A4BE-CDA771BB7663} = {20F0BFD9-C354-43B1-AF26-06C4B485BB1C}
		{DBDC29D9-33F9-4EB7-AB8E-F6A4789A2901} = {EA984FFE-8470-4046-90FF-D4184A39495A}
		{7A65FAE8-C0D7-44ED-8A6C-7CDD0D8D509D} = {41BCEC7D-9CB3-4BFA-80AA-06EA70FF5D42}
	EndGlobalSection
	GlobalSection(ExtensibilityGlobals) = postSolution
		SolutionGuid = {CD123305-D6E8-4287-B875-788AB0FEE661}
	EndGlobalSection
EndGlobal
